
Microsoft Visual Studio Solution File, Format Version 12.00
# Visual Studio 15
VisualStudioVersion = 15.0.27703.2026
MinimumVisualStudioVersion = 10.0.40219.1
Project("{8BC9CEB8-8B4A-11D0-8D11-00A0C91BC942}") = "Inventory", "Project1\Project1.vcxproj", "{39B3B0E3-16C0-49F6-B29A-3D9325E89DE7}"
EndProject
Global
	GlobalSection(SolutionConfigurationPlatforms) = preSolution
		Debug|x64 = Debug|x64
		Debug|x86 = Debug|x86
		Release|x64 = Release|x64
		Release|x86 = Release|x86
	EndGlobalSection
	GlobalSection(ProjectConfigurationPlatforms) = postSolution
		{39B3B0E3-16C0-49F6-B29A-3D9325E89DE7}.Debug|x64.ActiveCfg = Debug|x64
		{39B3B0E3-16C0-49F6-B29A-3D9325E89DE7}.Debug|x64.Build.0 = Debug|x64
		{39B3B0E3-16C0-49F6-B29A-3D9325E89DE7}.Debug|x86.ActiveCfg = Debug|Win32
		{39B3B0E3-16C0-49F6-B29A-3D9325E89DE7}.Debug|x86.Build.0 = Debug|Win32
		{39B3B0E3-16C0-49F6-B29A-3D9325E89DE7}.Release|x64.ActiveCfg = Release|x64
		{39B3B0E3-16C0-49F6-B29A-3D9325E89DE7}.Release|x64.Build.0 = Release|x64
		{39B3B0E3-16C0-49F6-B29A-3D9325E89DE7}.Release|x86.ActiveCfg = Release|Win32
		{39B3B0E3-16C0-49F6-B29A-3D9325E89DE7}.Release|x86.Build.0 = Release|Win32
	EndGlobalSection
	GlobalSection(SolutionProperties) = preSolution
		HideSolutionNode = FALSE
	EndGlobalSection
	GlobalSection(ExtensibilityGlobals) = postSolution
		SolutionGuid = {C2D2BAD8-7FDC-49B1-A938-AAAD2DC5F584}
	EndGlobalSection
EndGlobal
